Microsoft Visual Studio Solution File, Format Version 12.00
# Visual Studio Version 17
VisualStudioVersion = 17.5.2.0
MinimumVisualStudioVersion = 10.0.40219.1
Project("{FAE04EC0-301F-11D3-BF4B-00C04F79EFBC}") = "aalto", "aalto.csproj", "{FE4EA7FA-7818-2CCB-A62E-BF2E9288F303}"
EndProject
Global
	GlobalSection(SolutionConfigurationPlatforms) = preSolution
		Debug|Any CPU = Debug|Any CPU
		Release|Any CPU = Release|Any CPU
	EndGlobalSection
	GlobalSection(ProjectConfigurationPlatforms) = postSolution
		{FE4EA7FA-7818-2CCB-A62E-BF2E9288F303}.Debug|Any CPU.ActiveCfg = Debug|Any CPU
		{FE4EA7FA-7818-2CCB-A62E-BF2E9288F303}.Debug|Any CPU.Build.0 = Debug|Any CPU
		{FE4EA7FA-7818-2CCB-A62E-BF2E9288F303}.Release|Any CPU.ActiveCfg = Release|Any CPU
		{FE4EA7FA-7818-2CCB-A62E-BF2E9288F303}.Release|Any CPU.Build.0 = Release|Any CPU
	EndGlobalSection
	GlobalSection(SolutionProperties) = preSolution
		HideSolutionNode = FALSE
	EndGlobalSection
	GlobalSection(ExtensibilityGlobals) = postSolution
		SolutionGuid = {5275BBD0-46F4-4A0B-B7AA-F2C93A9EB552}
	EndGlobalSection
EndGlobal
